
Microsoft Visual Studio Solution File, Format Version 12.00
# Visual Studio 15
VisualStudioVersion = 15.0.27428.2002
MinimumVisualStudioVersion = 10.0.40219.1
Project("{8BC9CEB8-8B4A-11D0-8D11-00A0C91BC942}") = "Zadatak", "Zadatak\Zadatak.vcxproj", "{B29AF721-6C5B-4DF0-B283-95C24DB45E58}"
EndProject
Global
	GlobalSection(SolutionConfigurationPlatforms) = preSolution
		Debug|x64 = Debug|x64
		Debug|x86 = Debug|x86
		Release|x64 = Release|x64
		Release|x86 = Release|x86
	EndGlobalSection
	GlobalSection(ProjectConfigurationPlatforms) = postSolution
		{B29AF721-6C5B-4DF0-B283-95C24DB45E58}.Debug|x64.ActiveCfg = Debug|x64
		{B29AF721-6C5B-4DF0-B283-95C24DB45E58}.Debug|x64.Build.0 = Debug|x64
		{B29AF721-6C5B-4DF0-B283-95C24DB45E58}.Debug|x86.ActiveCfg = Debug|Win32
		{B29AF721-6C5B-4DF0-B283-95C24DB45E58}.Debug|x86.Build.0 = Debug|Win32
		{B29AF721-6C5B-4DF0-B283-95C24DB45E58}.Release|x64.ActiveCfg = Release|x64
		{B29AF721-6C5B-4DF0-B283-95C24DB45E58}.Release|x64.Build.0 = Release|x64
		{B29AF721-6C5B-4DF0-B283-95C24DB45E58}.Release|x86.ActiveCfg = Release|Win32
		{B29AF721-6C5B-4DF0-B283-95C24DB45E58}.Release|x86.Build.0 = Release|Win32
	EndGlobalSection
	GlobalSection(SolutionProperties) = preSolution
		HideSolutionNode = FALSE
	EndGlobalSection
	GlobalSection(ExtensibilityGlobals) = postSolution
		SolutionGuid = {BEBFEEF6-5721-4FA2-8913-F9955EA3163D}
	EndGlobalSection
EndGlobal
